// !$*UTF8*$!
{
	archiveVersion = 1;
	classes = {
	};
	objectVersion = 77;
	objects = {

/* Begin PBXBuildFile section */
		9203CB4E2D5AA42B005A8526 /* Assets.xcassets in Resources */ = {isa = PBXBuildFile; fileRef = 9203CB462D5AA42B005A8526 /* Assets.xcassets */; };
		9203CB4F2D5AA42B005A8526 /* LaunchScreen.storyboard in Resources */ = {isa = PBXBuildFile; fileRef = 9203CB482D5AA42B005A8526 /* LaunchScreen.storyboard */; };
		9203CB502D5AA42B005A8526 /* GoogleService-Info.plist in Resources */ = {isa = PBXBuildFile; fileRef = 9203CB4B2D5AA42B005A8526 /* GoogleService-Info.plist */; };
		9203CB522D5AA42B005A8526 /* UserModel.swift in Sources */ = {isa = PBXBuildFile; fileRef = 9203CB322D5AA42B005A8526 /* UserModel.swift */; };
		9203CB532D5AA42B005A8526 /* AuthService.swift in Sources */ = {isa = PBXBuildFile; fileRef = 9203CB342D5AA42B005A8526 /* AuthService.swift */; };
		9203CB542D5AA42B005A8526 /* FeedController.swift in Sources */ = {isa = PBXBuildFile; fileRef = 9203CB362D5AA42B005A8526 /* FeedController.swift */; };
		9203CB552D5AA42B005A8526 /* FeedView.swift in Sources */ = {isa = PBXBuildFile; fileRef = 9203CB372D5AA42B005A8526 /* FeedView.swift */; };
		9203CB562D5AA42B005A8526 /* LoginController.swift in Sources */ = {isa = PBXBuildFile; fileRef = 9203CB392D5AA42B005A8526 /* LoginController.swift */; };
		9203CB572D5AA42B005A8526 /* LoginView.swift in Sources */ = {isa = PBXBuildFile; fileRef = 9203CB3A2D5AA42B005A8526 /* LoginView.swift */; };
		9203CB582D5AA42B005A8526 /* LoginViewModel.swift in Sources */ = {isa = PBXBuildFile; fileRef = 9203CB3B2D5AA42B005A8526 /* LoginViewModel.swift */; };
		9203CB592D5AA42B005A8526 /* SignupController.swift in Sources */ = {isa = PBXBuildFile; fileRef = 9203CB3D2D5AA42B005A8526 /* SignupController.swift */; };
		9203CB5A2D5AA42B005A8526 /* SignupView.swift in Sources */ = {isa = PBXBuildFile; fileRef = 9203CB3E2D5AA42B005A8526 /* SignupView.swift */; };
		9203CB5B2D5AA42B005A8526 /* SignupViewModel.swift in Sources */ = {isa = PBXBuildFile; fileRef = 9203CB3F2D5AA42B005A8526 /* SignupViewModel.swift */; };
		9203CB5C2D5AA42B005A8526 /* UIView+Extensions.swift in Sources */ = {isa = PBXBuildFile; fileRef = 9203CB422D5AA42B005A8526 /* UIView+Extensions.swift */; };
		9203CB5D2D5AA42B005A8526 /* AppDelegate.swift in Sources */ = {isa = PBXBuildFile; fileRef = 9203CB452D5AA42B005A8526 /* AppDelegate.swift */; };
		9203CB5E2D5AA42B005A8526 /* SceneDelegate.swift in Sources */ = {isa = PBXBuildFile; fileRef = 9203CB492D5AA42B005A8526 /* SceneDelegate.swift */; };
		92368B4F2D8324EA00F075F9 /* SignupViewModelTests.swift in Sources */ = {isa = PBXBuildFile; fileRef = 92368B4D2D8324EA00F075F9 /* SignupViewModelTests.swift */; };
		A4B068D0FF1DB1BFD1CAAD6C /* Pods_FirebaseLogin.framework in Frameworks */ = {isa = PBXBuildFile; fileRef = 5D1F261DE58A62F044A94130 /* Pods_FirebaseLogin.framework */; };
/* End PBXBuildFile section */

/* Begin PBXContainerItemProxy section */
		92368B482D8324E400F075F9 /* PBXContainerItemProxy */ = {
			isa = PBXContainerItemProxy;
			containerPortal = 926F0C0E2D4FA133007C8519 /* Project object */;
			proxyType = 1;
			remoteGlobalIDString = 926F0C152D4FA133007C8519;
			remoteInfo = FirebaseLogin;
		};
/* End PBXContainerItemProxy section */

/* Begin PBXFileReference section */
		5D1F261DE58A62F044A94130 /* Pods_FirebaseLogin.framework */ = {isa = PBXFileReference; explicitFileType = wrapper.framework; includeInIndex = 0; path = Pods_FirebaseLogin.framework; sourceTree = BUILT_PRODUCTS_DIR; };
		725302BD6BF7FA83DAF965A5 /* Pods-FirebaseLogin.debug.xcconfig */ = {isa = PBXFileReference; includeInIndex = 1; lastKnownFileType = text.xcconfig; name = "Pods-FirebaseLogin.debug.xcconfig"; path = "Target Support Files/Pods-FirebaseLogin/Pods-FirebaseLogin.debug.xcconfig"; sourceTree = "<group>"; };
		85F836B5600B1A02342FBA37 /* Pods-FirebaseLogin.release.xcconfig */ = {isa = PBXFileReference; includeInIndex = 1; lastKnownFileType = text.xcconfig; name = "Pods-FirebaseLogin.release.xcconfig"; path = "Target Support Files/Pods-FirebaseLogin/Pods-FirebaseLogin.release.xcconfig"; sourceTree = "<group>"; };
		9203CB322D5AA42B005A8526 /* UserModel.swift */ = {isa = PBXFileReference; lastKnownFileType = sourcecode.swift; path = UserModel.swift; sourceTree = "<group>"; };
		9203CB342D5AA42B005A8526 /* AuthService.swift */ = {isa = PBXFileReference; lastKnownFileType = sourcecode.swift; path = AuthService.swift; sourceTree = "<group>"; };
		9203CB362D5AA42B005A8526 /* FeedController.swift */ = {isa = PBXFileReference; lastKnownFileType = sourcecode.swift; path = FeedController.swift; sourceTree = "<group>"; };
		9203CB372D5AA42B005A8526 /* FeedView.swift */ = {isa = PBXFileReference; lastKnownFileType = sourcecode.swift; path = FeedView.swift; sourceTree = "<group>"; };
		9203CB392D5AA42B005A8526 /* LoginController.swift */ = {isa = PBXFileReference; lastKnownFileType = sourcecode.swift; path = LoginController.swift; sourceTree = "<group>"; };
		9203CB3A2D5AA42B005A8526 /* LoginView.swift */ = {isa = PBXFileReference; lastKnownFileType = sourcecode.swift; path = LoginView.swift; sourceTree = "<group>"; };
		9203CB3B2D5AA42B005A8526 /* LoginViewModel.swift */ = {isa = PBXFileReference; lastKnownFileType = sourcecode.swift; path = LoginViewModel.swift; sourceTree = "<group>"; };
		9203CB3D2D5AA42B005A8526 /* SignupController.swift */ = {isa = PBXFileReference; lastKnownFileType = sourcecode.swift; path = SignupController.swift; sourceTree = "<group>"; };
		9203CB3E2D5AA42B005A8526 /* SignupView.swift */ = {isa = PBXFileReference; lastKnownFileType = sourcecode.swift; path = SignupView.swift; sourceTree = "<group>"; };
		9203CB3F2D5AA42B005A8526 /* SignupViewModel.swift */ = {isa = PBXFileReference; lastKnownFileType = sourcecode.swift; path = SignupViewModel.swift; sourceTree = "<group>"; };
		9203CB422D5AA42B005A8526 /* UIView+Extensions.swift */ = {isa = PBXFileReference; lastKnownFileType = sourcecode.swift; path = "UIView+Extensions.swift"; sourceTree = "<group>"; };
		9203CB452D5AA42B005A8526 /* AppDelegate.swift */ = {isa = PBXFileReference; lastKnownFileType = sourcecode.swift; path = AppDelegate.swift; sourceTree = "<group>"; };
		9203CB462D5AA42B005A8526 /* Assets.xcassets */ = {isa = PBXFileReference; lastKnownFileType = folder.assetcatalog; path = Assets.xcassets; sourceTree = "<group>"; };
		9203CB472D5AA42B005A8526 /* Base */ = {isa = PBXFileReference; lastKnownFileType = file.storyboard; name = Base; path = Base.lproj/LaunchScreen.storyboard; sourceTree = "<group>"; };
		9203CB492D5AA42B005A8526 /* SceneDelegate.swift */ = {isa = PBXFileReference; lastKnownFileType = sourcecode.swift; path = SceneDelegate.swift; sourceTree = "<group>"; };
		9203CB4B2D5AA42B005A8526 /* GoogleService-Info.plist */ = {isa = PBXFileReference; lastKnownFileType = text.plist.xml; path = "GoogleService-Info.plist"; sourceTree = "<group>"; };
		9203CB4C2D5AA42B005A8526 /* Info.plist */ = {isa = PBXFileReference; lastKnownFileType = text.plist.xml; path = Info.plist; sourceTree = "<group>"; };
		92368B442D8324E400F075F9 /* FirebaseLoginTests.xctest */ = {isa = PBXFileReference; explicitFileType = wrapper.cfbundle; includeInIndex = 0; path = FirebaseLoginTests.xctest; sourceTree = BUILT_PRODUCTS_DIR; };
		92368B4D2D8324EA00F075F9 /* SignupViewModelTests.swift */ = {isa = PBXFileReference; lastKnownFileType = sourcecode.swift; path = SignupViewModelTests.swift; sourceTree = "<group>"; };
		926F0C162D4FA133007C8519 /* FirebaseLogin.app */ = {isa = PBXFileReference; explicitFileType = wrapper.application; includeInIndex = 0; path = FirebaseLogin.app; sourceTree = BUILT_PRODUCTS_DIR; };
/* End PBXFileReference section */

/* Begin PBXFrameworksBuildPhase section */
		92368B412D8324E400F075F9 /* Frameworks */ = {
			isa = PBXFrameworksBuildPhase;
			buildActionMask = 2147483647;
			files = (
			);
			runOnlyForDeploymentPostprocessing = 0;
		};
		926F0C132D4FA133007C8519 /* Frameworks */ = {
			isa = PBXFrameworksBuildPhase;
			buildActionMask = 2147483647;
			files = (
				A4B068D0FF1DB1BFD1CAAD6C /* Pods_FirebaseLogin.framework in Frameworks */,
			);
			runOnlyForDeploymentPostprocessing = 0;
		};
/* End PBXFrameworksBuildPhase section */

/* Begin PBXGroup section */
		3E8FB4F77668AD5E1B4C5129 /* Pods */ = {
			isa = PBXGroup;
			children = (
				725302BD6BF7FA83DAF965A5 /* Pods-FirebaseLogin.debug.xcconfig */,
				85F836B5600B1A02342FBA37 /* Pods-FirebaseLogin.release.xcconfig */,
			);
			path = Pods;
			sourceTree = "<group>";
		};
		9203CB332D5AA42B005A8526 /* Model */ = {
			isa = PBXGroup;
			children = (
				9203CB322D5AA42B005A8526 /* UserModel.swift */,
			);
			path = Model;
			sourceTree = "<group>";
		};
		9203CB352D5AA42B005A8526 /* Network */ = {
			isa = PBXGroup;
			children = (
				9203CB342D5AA42B005A8526 /* AuthService.swift */,
			);
			path = Network;
			sourceTree = "<group>";
		};
		9203CB382D5AA42B005A8526 /* Feed */ = {
			isa = PBXGroup;
			children = (
				9203CB362D5AA42B005A8526 /* FeedController.swift */,
				9203CB372D5AA42B005A8526 /* FeedView.swift */,
			);
			path = Feed;
			sourceTree = "<group>";
		};
		9203CB3C2D5AA42B005A8526 /* Login */ = {
			isa = PBXGroup;
			children = (
				9203CB392D5AA42B005A8526 /* LoginController.swift */,
				9203CB3A2D5AA42B005A8526 /* LoginView.swift */,
				9203CB3B2D5AA42B005A8526 /* LoginViewModel.swift */,
			);
			path = Login;
			sourceTree = "<group>";
		};
		9203CB402D5AA42B005A8526 /* Signup */ = {
			isa = PBXGroup;
			children = (
				9203CB3D2D5AA42B005A8526 /* SignupController.swift */,
				9203CB3E2D5AA42B005A8526 /* SignupView.swift */,
				9203CB3F2D5AA42B005A8526 /* SignupViewModel.swift */,
			);
			path = Signup;
			sourceTree = "<group>";
		};
		9203CB412D5AA42B005A8526 /* Scenes */ = {
			isa = PBXGroup;
			children = (
				9203CB382D5AA42B005A8526 /* Feed */,
				9203CB3C2D5AA42B005A8526 /* Login */,
				9203CB402D5AA42B005A8526 /* Signup */,
			);
			path = Scenes;
			sourceTree = "<group>";
		};
		9203CB432D5AA42B005A8526 /* Utils */ = {
			isa = PBXGroup;
			children = (
				9203CB422D5AA42B005A8526 /* UIView+Extensions.swift */,
			);
			path = Utils;
			sourceTree = "<group>";
		};
		9203CB442D5AA42B005A8526 /* App */ = {
			isa = PBXGroup;
			children = (
				9203CB332D5AA42B005A8526 /* Model */,
				9203CB352D5AA42B005A8526 /* Network */,
				9203CB412D5AA42B005A8526 /* Scenes */,
				9203CB432D5AA42B005A8526 /* Utils */,
			);
			path = App;
			sourceTree = "<group>";
		};
		9203CB4A2D5AA42B005A8526 /* Resources */ = {
			isa = PBXGroup;
			children = (
				9203CB452D5AA42B005A8526 /* AppDelegate.swift */,
				9203CB462D5AA42B005A8526 /* Assets.xcassets */,
				9203CB482D5AA42B005A8526 /* LaunchScreen.storyboard */,
				9203CB492D5AA42B005A8526 /* SceneDelegate.swift */,
			);
			path = Resources;
			sourceTree = "<group>";
		};
		9203CB4D2D5AA42B005A8526 /* FirebaseLogin */ = {
			isa = PBXGroup;
			children = (
				9203CB442D5AA42B005A8526 /* App */,
				9203CB4A2D5AA42B005A8526 /* Resources */,
				9203CB4B2D5AA42B005A8526 /* GoogleService-Info.plist */,
				9203CB4C2D5AA42B005A8526 /* Info.plist */,
			);
			path = FirebaseLogin;
			sourceTree = "<group>";
		};
		92368B4E2D8324EA00F075F9 /* FirebaseLoginTests */ = {
			isa = PBXGroup;
			children = (
				92368B4D2D8324EA00F075F9 /* SignupViewModelTests.swift */,
			);
			path = FirebaseLoginTests;
			sourceTree = "<group>";
		};
		926F0C0D2D4FA133007C8519 = {
			isa = PBXGroup;
			children = (
				9203CB4D2D5AA42B005A8526 /* FirebaseLogin */,
				92368B4E2D8324EA00F075F9 /* FirebaseLoginTests */,
				926F0C172D4FA133007C8519 /* Products */,
				3E8FB4F77668AD5E1B4C5129 /* Pods */,
				AAED5773F68A1DF489896D41 /* Frameworks */,
			);
			sourceTree = "<group>";
		};
		926F0C172D4FA133007C8519 /* Products */ = {
			isa = PBXGroup;
			children = (
				926F0C162D4FA133007C8519 /* FirebaseLogin.app */,
				92368B442D8324E400F075F9 /* FirebaseLoginTests.xctest */,
			);
			name = Products;
			sourceTree = "<group>";
		};
		AAED5773F68A1DF489896D41 /* Frameworks */ = {
			isa = PBXGroup;
			children = (
				5D1F261DE58A62F044A94130 /* Pods_FirebaseLogin.framework */,
			);
			name = Frameworks;
			sourceTree = "<group>";
		};
/* End PBXGroup section */

/* Begin PBXNativeTarget section */
		92368B432D8324E400F075F9 /* FirebaseLoginTests */ = {
			isa = PBXNativeTarget;
			buildConfigurationList = 92368B4C2D8324E400F075F9 /* Build configuration list for PBXNativeTarget "FirebaseLoginTests" */;
			buildPhases = (
				92368B402D8324E400F075F9 /* Sources */,
				92368B412D8324E400F075F9 /* Frameworks */,
				92368B422D8324E400F075F9 /* Resources */,
			);
			buildRules = (
			);
			dependencies = (
				92368B492D8324E400F075F9 /* PBXTargetDependency */,
			);
			name = FirebaseLoginTests;
			packageProductDependencies = (
			);
			productName = FirebaseLoginTests;
			productReference = 92368B442D8324E400F075F9 /* FirebaseLoginTests.xctest */;
			productType = "com.apple.product-type.bundle.unit-test";
		};
		926F0C152D4FA133007C8519 /* FirebaseLogin */ = {
			isa = PBXNativeTarget;
			buildConfigurationList = 926F0C292D4FA134007C8519 /* Build configuration list for PBXNativeTarget "FirebaseLogin" */;
			buildPhases = (
				AE71DC256CBBB31FC1459DF1 /* [CP] Check Pods Manifest.lock */,
				926F0C122D4FA133007C8519 /* Sources */,
				926F0C132D4FA133007C8519 /* Frameworks */,
				926F0C142D4FA133007C8519 /* Resources */,
				6DDEEC1B2782ED6E209681EF /* [CP] Embed Pods Frameworks */,
			);
			buildRules = (
			);
			dependencies = (
			);
			name = FirebaseLogin;
			productName = FirebaseLogin;
			productReference = 926F0C162D4FA133007C8519 /* FirebaseLogin.app */;
			productType = "com.apple.product-type.application";
		};
/* End PBXNativeTarget section */

/* Begin PBXProject section */
		926F0C0E2D4FA133007C8519 /* Project object */ = {
			isa = PBXProject;
			attributes = {
				BuildIndependentTargetsInParallel = 1;
				LastSwiftUpdateCheck = 1610;
				LastUpgradeCheck = 1610;
				TargetAttributes = {
					92368B432D8324E400F075F9 = {
						CreatedOnToolsVersion = 16.1;
						TestTargetID = 926F0C152D4FA133007C8519;
					};
					926F0C152D4FA133007C8519 = {
						CreatedOnToolsVersion = 16.1;
					};
				};
			};
			buildConfigurationList = 926F0C112D4FA133007C8519 /* Build configuration list for PBXProject "FirebaseLogin" */;
			developmentRegion = en;
			hasScannedForEncodings = 0;
			knownRegions = (
				en,
				Base,
			);
			mainGroup = 926F0C0D2D4FA133007C8519;
			minimizedProjectReferenceProxies = 1;
			preferredProjectObjectVersion = 77;
			productRefGroup = 926F0C172D4FA133007C8519 /* Products */;
			projectDirPath = "";
			projectRoot = "";
			targets = (
				926F0C152D4FA133007C8519 /* FirebaseLogin */,
				92368B432D8324E400F075F9 /* FirebaseLoginTests */,
			);
		};
/* End PBXProject section */

/* Begin PBXResourcesBuildPhase section */
		92368B422D8324E400F075F9 /* Resources */ = {
			isa = PBXResourcesBuildPhase;
			buildActionMask = 2147483647;
			files = (
			);
			runOnlyForDeploymentPostprocessing = 0;
		};
		926F0C142D4FA133007C8519 /* Resources */ = {
			isa = PBXResourcesBuildPhase;
			buildActionMask = 2147483647;
			files = (
				9203CB4E2D5AA42B005A8526 /* Assets.xcassets in Resources */,
				9203CB4F2D5AA42B005A8526 /* LaunchScreen.storyboard in Resources */,
				9203CB502D5AA42B005A8526 /* GoogleService-Info.plist in Resources */,
			);
			runOnlyForDeploymentPostprocessing = 0;
		};
/* End PBXResourcesBuildPhase section */

/* Begin PBXShellScriptBuildPhase section */
		6DDEEC1B2782ED6E209681EF /* [CP] Embed Pods Frameworks */ = {
			isa = PBXShellScriptBuildPhase;
			buildActionMask = 2147483647;
			files = (
			);
			inputFileListPaths = (
				"${PODS_ROOT}/Target Support Files/Pods-FirebaseLogin/Pods-FirebaseLogin-frameworks-${CONFIGURATION}-input-files.xcfilelist",
			);
			name = "[CP] Embed Pods Frameworks";
			outputFileListPaths = (
				"${PODS_ROOT}/Target Support Files/Pods-FirebaseLogin/Pods-FirebaseLogin-frameworks-${CONFIGURATION}-output-files.xcfilelist",
			);
			runOnlyForDeploymentPostprocessing = 0;
			shellPath = /bin/sh;
			shellScript = "\"${PODS_ROOT}/Target Support Files/Pods-FirebaseLogin/Pods-FirebaseLogin-frameworks.sh\"\n";
			showEnvVarsInLog = 0;
		};
		AE71DC256CBBB31FC1459DF1 /* [CP] Check Pods Manifest.lock */ = {
			isa = PBXShellScriptBuildPhase;
			buildActionMask = 2147483647;
			files = (
			);
			inputFileListPaths = (
			);
			inputPaths = (
				"${PODS_PODFILE_DIR_PATH}/Podfile.lock",
				"${PODS_ROOT}/Manifest.lock",
			);
			name = "[CP] Check Pods Manifest.lock";
			outputFileListPaths = (
			);
			outputPaths = (
				"$(DERIVED_FILE_DIR)/Pods-FirebaseLogin-checkManifestLockResult.txt",
			);
			runOnlyForDeploymentPostprocessing = 0;
			shellPath = /bin/sh;
			shellScript = "diff \"${PODS_PODFILE_DIR_PATH}/Podfile.lock\" \"${PODS_ROOT}/Manifest.lock\" > /dev/null\nif [ $? != 0 ] ; then\n    # print error to STDERR\n    echo \"error: The sandbox is not in sync with the Podfile.lock. Run 'pod install' or update your CocoaPods installation.\" >&2\n    exit 1\nfi\n# This output is used by Xcode 'outputs' to avoid re-running this script phase.\necho \"SUCCESS\" > \"${SCRIPT_OUTPUT_FILE_0}\"\n";
			showEnvVarsInLog = 0;
		};
/* End PBXShellScriptBuildPhase section */

/* Begin PBXSourcesBuildPhase section */
		92368B402D8324E400F075F9 /* Sources */ = {
			isa = PBXSourcesBuildPhase;
			buildActionMask = 2147483647;
			files = (
				92368B4F2D8324EA00F075F9 /* SignupViewModelTests.swift in Sources */,
			);
			runOnlyForDeploymentPostprocessing = 0;
		};
		926F0C122D4FA133007C8519 /* Sources */ = {
			isa = PBXSourcesBuildPhase;
			buildActionMask = 2147483647;
			files = (
				9203CB522D5AA42B005A8526 /* UserModel.swift in Sources */,
				9203CB532D5AA42B005A8526 /* AuthService.swift in Sources */,
				9203CB542D5AA42B005A8526 /* FeedController.swift in Sources */,
				9203CB552D5AA42B005A8526 /* FeedView.swift in Sources */,
				9203CB562D5AA42B005A8526 /* LoginController.swift in Sources */,
				9203CB572D5AA42B005A8526 /* LoginView.swift in Sources */,
				9203CB582D5AA42B005A8526 /* LoginViewModel.swift in Sources */,
				9203CB592D5AA42B005A8526 /* SignupController.swift in Sources */,
				9203CB5A2D5AA42B005A8526 /* SignupView.swift in Sources */,
				9203CB5B2D5AA42B005A8526 /* SignupViewModel.swift in Sources */,
				9203CB5C2D5AA42B005A8526 /* UIView+Extensions.swift in Sources */,
				9203CB5D2D5AA42B005A8526 /* AppDelegate.swift in Sources */,
				9203CB5E2D5AA42B005A8526 /* SceneDelegate.swift in Sources */,
			);
			runOnlyForDeploymentPostprocessing = 0;
		};
/* End PBXSourcesBuildPhase section */

/* Begin PBXTargetDependency section */
		92368B492D8324E400F075F9 /* PBXTargetDependency */ = {
			isa = PBXTargetDependency;
			target = 926F0C152D4FA133007C8519 /* FirebaseLogin */;
			targetProxy = 92368B482D8324E400F075F9 /* PBXContainerItemProxy */;
		};
/* End PBXTargetDependency section */

/* Begin PBXVariantGroup section */
		9203CB482D5AA42B005A8526 /* LaunchScreen.storyboard */ = {
			isa = PBXVariantGroup;
			children = (
				9203CB472D5AA42B005A8526 /* Base */,
			);
			name = LaunchScreen.storyboard;
			sourceTree = "<group>";
		};
/* End PBXVariantGroup section */

/* Begin XCBuildConfiguration section */
		92368B4A2D8324E400F075F9 /* Debug */ = {
			isa = XCBuildConfiguration;
			buildSettings = {
				BUNDLE_LOADER = "$(TEST_HOST)";
				CODE_SIGN_STYLE = Automatic;
				CURRENT_PROJECT_VERSION = 1;
				DEVELOPMENT_TEAM = 57HYQW6DAG;
				ENABLE_USER_SCRIPT_SANDBOXING = YES;
				GENERATE_INFOPLIST_FILE = YES;
				MARKETING_VERSION = 1.0;
				PRODUCT_BUNDLE_IDENTIFIER = com.diggosilva.FirebaseLoginTests;
				PRODUCT_NAME = "$(TARGET_NAME)";
				SWIFT_EMIT_LOC_STRINGS = NO;
				SWIFT_VERSION = 5.0;
				TARGETED_DEVICE_FAMILY = "1,2";
				TEST_HOST = "$(BUILT_PRODUCTS_DIR)/FirebaseLogin.app/$(BUNDLE_EXECUTABLE_FOLDER_PATH)/FirebaseLogin";
			};
			name = Debug;
		};
		92368B4B2D8324E400F075F9 /* Release */ = {
			isa = XCBuildConfiguration;
			buildSettings = {
				BUNDLE_LOADER = "$(TEST_HOST)";
				CODE_SIGN_STYLE = Automatic;
				CURRENT_PROJECT_VERSION = 1;
				DEVELOPMENT_TEAM = 57HYQW6DAG;
				ENABLE_USER_SCRIPT_SANDBOXING = YES;
				GENERATE_INFOPLIST_FILE = YES;
				MARKETING_VERSION = 1.0;
				PRODUCT_BUNDLE_IDENTIFIER = com.diggosilva.FirebaseLoginTests;
				PRODUCT_NAME = "$(TARGET_NAME)";
				SWIFT_EMIT_LOC_STRINGS = NO;
				SWIFT_VERSION = 5.0;
				TARGETED_DEVICE_FAMILY = "1,2";
				TEST_HOST = "$(BUILT_PRODUCTS_DIR)/FirebaseLogin.app/$(BUNDLE_EXECUTABLE_FOLDER_PATH)/FirebaseLogin";
			};
			name = Release;
		};
		926F0C2A2D4FA134007C8519 /* Debug */ = {
			isa = XCBuildConfiguration;
			baseConfigurationReference = 725302BD6BF7FA83DAF965A5 /* Pods-FirebaseLogin.debug.xcconfig */;
			buildSettings = {
				ASSETCATALOG_COMPILER_APPICON_NAME = AppIcon;
				ASSETCATALOG_COMPILER_GLOBAL_ACCENT_COLOR_NAME = AccentColor;
				CODE_SIGN_STYLE = Automatic;
				CURRENT_PROJECT_VERSION = 1;
				DEVELOPMENT_TEAM = 57HYQW6DAG;
				GENERATE_INFOPLIST_FILE = YES;
				INFOPLIST_FILE = FirebaseLogin/Info.plist;
				INFOPLIST_KEY_UIApplicationSupportsIndirectInputEvents = YES;
				INFOPLIST_KEY_UILaunchStoryboardName = LaunchScreen;
				INFOPLIST_KEY_UISupportedInterfaceOrientations_iPad = "UIInterfaceOrientationPortrait UIInterfaceOrientationPortraitUpsideDown UIInterfaceOrientationLandscapeLeft UIInterfaceOrientationLandscapeRight";
				INFOPLIST_KEY_UISupportedInterfaceOrientations_iPhone = "UIInterfaceOrientationPortrait UIInterfaceOrientationLandscapeLeft UIInterfaceOrientationLandscapeRight";
				LD_RUNPATH_SEARCH_PATHS = (
					"$(inherited)",
					"@executable_path/Frameworks",
				);
				MARKETING_VERSION = 1.0;
				PRODUCT_BUNDLE_IDENTIFIER = com.diggosilva.FirebaseLogin;
				PRODUCT_NAME = "$(TARGET_NAME)";
				SWIFT_EMIT_LOC_STRINGS = YES;
				SWIFT_VERSION = 5.0;
				TARGETED_DEVICE_FAMILY = "1,2";
			};
			name = Debug;
		};
		926F0C2B2D4FA134007C8519 /* Release */ = {
			isa = XCBuildConfiguration;
			baseConfigurationReference = 85F836B5600B1A02342FBA37 /* Pods-FirebaseLogin.release.xcconfig */;
			buildSettings = {
				ASSETCATALOG_COMPILER_APPICON_NAME = AppIcon;
				ASSETCATALOG_COMPILER_GLOBAL_ACCENT_COLOR_NAME = AccentColor;
				CODE_SIGN_STYLE = Automatic;
				CURRENT_PROJECT_VERSION = 1;
				DEVELOPMENT_TEAM = 57HYQW6DAG;
				GENERATE_INFOPLIST_FILE = YES;
				INFOPLIST_FILE = FirebaseLogin/Info.plist;
				INFOPLIST_KEY_UIApplicationSupportsIndirectInputEvents = YES;
				INFOPLIST_KEY_UILaunchStoryboardName = LaunchScreen;
				INFOPLIST_KEY_UISupportedInterfaceOrientations_iPad = "UIInterfaceOrientationPortrait UIInterfaceOrientationPortraitUpsideDown UIInterfaceOrientationLandscapeLeft UIInterfaceOrientationLandscapeRight";
				INFOPLIST_KEY_UISupportedInterfaceOrientations_iPhone = "UIInterfaceOrientationPortrait UIInterfaceOrientationLandscapeLeft UIInterfaceOrientationLandscapeRight";
				LD_RUNPATH_SEARCH_PATHS = (
					"$(inherited)",
					"@executable_path/Frameworks",
				);
				MARKETING_VERSION = 1.0;
				PRODUCT_BUNDLE_IDENTIFIER = com.diggosilva.FirebaseLogin;
				PRODUCT_NAME = "$(TARGET_NAME)";
				SWIFT_EMIT_LOC_STRINGS = YES;
				SWIFT_VERSION = 5.0;
				TARGETED_DEVICE_FAMILY = "1,2";
			};
			name = Release;
		};
		926F0C2C2D4FA134007C8519 /* Debug */ = {
			isa = XCBuildConfiguration;
			buildSettings = {
				ALWAYS_SEARCH_USER_PATHS = NO;
				ASSETCATALOG_COMPILER_GENERATE_SWIFT_ASSET_SYMBOL_EXTENSIONS = YES;
				CLANG_ANALYZER_NONNULL = YES;
				CLANG_ANALYZER_NUMBER_OBJECT_CONVERSION = YES_AGGRESSIVE;
				CLANG_CXX_LANGUAGE_STANDARD = "gnu++20";
				CLANG_ENABLE_MODULES = YES;
				CLANG_ENABLE_OBJC_ARC = YES;
				CLANG_ENABLE_OBJC_WEAK = YES;
				CLANG_WARN_BLOCK_CAPTURE_AUTORELEASING = YES;
				CLANG_WARN_BOOL_CONVERSION = YES;
				CLANG_WARN_COMMA = YES;
				CLANG_WARN_CONSTANT_CONVERSION = YES;
				CLANG_WARN_DEPRECATED_OBJC_IMPLEMENTATIONS = YES;
				CLANG_WARN_DIRECT_OBJC_ISA_USAGE = YES_ERROR;
				CLANG_WARN_DOCUMENTATION_COMMENTS = YES;
				CLANG_WARN_EMPTY_BODY = YES;
				CLANG_WARN_ENUM_CONVERSION = YES;
				CLANG_WARN_INFINITE_RECURSION = YES;
				CLANG_WARN_INT_CONVERSION = YES;
				CLANG_WARN_NON_LITERAL_NULL_CONVERSION = YES;
				CLANG_WARN_OBJC_IMPLICIT_RETAIN_SELF = YES;
				CLANG_WARN_OBJC_LITERAL_CONVERSION = YES;
				CLANG_WARN_OBJC_ROOT_CLASS = YES_ERROR;
				CLANG_WARN_QUOTED_INCLUDE_IN_FRAMEWORK_HEADER = YES;
				CLANG_WARN_RANGE_LOOP_ANALYSIS = YES;
				CLANG_WARN_STRICT_PROTOTYPES = YES;
				CLANG_WARN_SUSPICIOUS_MOVE = YES;
				CLANG_WARN_UNGUARDED_AVAILABILITY = YES_AGGRESSIVE;
				CLANG_WARN_UNREACHABLE_CODE = YES;
				CLANG_WARN__DUPLICATE_METHOD_MATCH = YES;
				COPY_PHASE_STRIP = NO;
				DEBUG_INFORMATION_FORMAT = dwarf;
				ENABLE_STRICT_OBJC_MSGSEND = YES;
				ENABLE_TESTABILITY = YES;
				ENABLE_USER_SCRIPT_SANDBOXING = NO;
				GCC_C_LANGUAGE_STANDARD = gnu17;
				GCC_DYNAMIC_NO_PIC = NO;
				GCC_NO_COMMON_BLOCKS = YES;
				GCC_OPTIMIZATION_LEVEL = 0;
				GCC_PREPROCESSOR_DEFINITIONS = (
					"DEBUG=1",
					"$(inherited)",
				);
				GCC_WARN_64_TO_32_BIT_CONVERSION = YES;
				GCC_WARN_ABOUT_RETURN_TYPE = YES_ERROR;
				GCC_WARN_UNDECLARED_SELECTOR = YES;
				GCC_WARN_UNINITIALIZED_AUTOS = YES_AGGRESSIVE;
				GCC_WARN_UNUSED_FUNCTION = YES;
				GCC_WARN_UNUSED_VARIABLE = YES;
				IPHONEOS_DEPLOYMENT_TARGET = 18.1;
				LOCALIZATION_PREFERS_STRING_CATALOGS = YES;
				MTL_ENABLE_DEBUG_INFO = INCLUDE_SOURCE;
				MTL_FAST_MATH = YES;
				ONLY_ACTIVE_ARCH = YES;
				SDKROOT = iphoneos;
				SWIFT_ACTIVE_COMPILATION_CONDITIONS = "DEBUG $(inherited)";
				SWIFT_OPTIMIZATION_LEVEL = "-Onone";
			};
			name = Debug;
		};
		926F0C2D2D4FA134007C8519 /* Release */ = {
			isa = XCBuildConfiguration;
			buildSettings = {
				ALWAYS_SEARCH_USER_PATHS = NO;
				ASSETCATALOG_COMPILER_GENERATE_SWIFT_ASSET_SYMBOL_EXTENSIONS = YES;
				CLANG_ANALYZER_NONNULL = YES;
				CLANG_ANALYZER_NUMBER_OBJECT_CONVERSION = YES_AGGRESSIVE;
				CLANG_CXX_LANGUAGE_STANDARD = "gnu++20";
				CLANG_ENABLE_MODULES = YES;
				CLANG_ENABLE_OBJC_ARC = YES;
				CLANG_ENABLE_OBJC_WEAK = YES;
				CLANG_WARN_BLOCK_CAPTURE_AUTORELEASING = YES;
				CLANG_WARN_BOOL_CONVERSION = YES;
				CLANG_WARN_COMMA = YES;
				CLANG_WARN_CONSTANT_CONVERSION = YES;
				CLANG_WARN_DEPRECATED_OBJC_IMPLEMENTATIONS = YES;
				CLANG_WARN_DIRECT_OBJC_ISA_USAGE = YES_ERROR;
				CLANG_WARN_DOCUMENTATION_COMMENTS = YES;
				CLANG_WARN_EMPTY_BODY = YES;
				CLANG_WARN_ENUM_CONVERSION = YES;
				CLANG_WARN_INFINITE_RECURSION = YES;
				CLANG_WARN_INT_CONVERSION = YES;
				CLANG_WARN_NON_LITERAL_NULL_CONVERSION = YES;
				CLANG_WARN_OBJC_IMPLICIT_RETAIN_SELF = YES;
				CLANG_WARN_OBJC_LITERAL_CONVERSION = YES;
				CLANG_WARN_OBJC_ROOT_CLASS = YES_ERROR;
				CLANG_WARN_QUOTED_INCLUDE_IN_FRAMEWORK_HEADER = YES;
				CLANG_WARN_RANGE_LOOP_ANALYSIS = YES;
				CLANG_WARN_STRICT_PROTOTYPES = YES;
				CLANG_WARN_SUSPICIOUS_MOVE = YES;
				CLANG_WARN_UNGUARDED_AVAILABILITY = YES_AGGRESSIVE;
				CLANG_WARN_UNREACHABLE_CODE = YES;
				CLANG_WARN__DUPLICATE_METHOD_MATCH = YES;
				COPY_PHASE_STRIP = NO;
				DEBUG_INFORMATION_FORMAT = "dwarf-with-dsym";
				ENABLE_NS_ASSERTIONS = NO;
				ENABLE_STRICT_OBJC_MSGSEND = YES;
				ENABLE_USER_SCRIPT_SANDBOXING = NO;
				GCC_C_LANGUAGE_STANDARD = gnu17;
				GCC_NO_COMMON_BLOCKS = YES;
				GCC_WARN_64_TO_32_BIT_CONVERSION = YES;
				GCC_WARN_ABOUT_RETURN_TYPE = YES_ERROR;
				GCC_WARN_UNDECLARED_SELECTOR = YES;
				GCC_WARN_UNINITIALIZED_AUTOS = YES_AGGRESSIVE;
				GCC_WARN_UNUSED_FUNCTION = YES;
				GCC_WARN_UNUSED_VARIABLE = YES;
				IPHONEOS_DEPLOYMENT_TARGET = 18.1;
				LOCALIZATION_PREFERS_STRING_CATALOGS = YES;
				MTL_ENABLE_DEBUG_INFO = NO;
				MTL_FAST_MATH = YES;
				SDKROOT = iphoneos;
				SWIFT_COMPILATION_MODE = wholemodule;
				VALIDATE_PRODUCT = YES;
			};
			name = Release;
		};
/* End XCBuildConfiguration section */

/* Begin XCConfigurationList section */
		92368B4C2D8324E400F075F9 /* Build configuration list for PBXNativeTarget "FirebaseLoginTests" */ = {
			isa = XCConfigurationList;
			buildConfigurations = (
				92368B4A2D8324E400F075F9 /* Debug */,
				92368B4B2D8324E400F075F9 /* Release */,
			);
			defaultConfigurationIsVisible = 0;
			defaultConfigurationName = Release;
		};
		926F0C112D4FA133007C8519 /* Build configuration list for PBXProject "FirebaseLogin" */ = {
			isa = XCConfigurationList;
			buildConfigurations = (
				926F0C2C2D4FA134007C8519 /* Debug */,
				926F0C2D2D4FA134007C8519 /* Release */,
			);
			defaultConfigurationIsVisible = 0;
			defaultConfigurationName = Release;
		};
		926F0C292D4FA134007C8519 /* Build configuration list for PBXNativeTarget "FirebaseLogin" */ = {
			isa = XCConfigurationList;
			buildConfigurations = (
				926F0C2A2D4FA134007C8519 /* Debug */,
				926F0C2B2D4FA134007C8519 /* Release */,
			);
			defaultConfigurationIsVisible = 0;
			defaultConfigurationName = Release;
		};
/* End XCConfigurationList section */
	};
	rootObject = 926F0C0E2D4FA133007C8519 /* Project object */;
}
